# THIS IS AN AUTOGENERATED FILE. DO NOT EDIT THIS FILE DIRECTLY.
# yarn lockfile v1


"@javelin/ecs@0.22.0":
  version "0.22.0"
  resolved "https://registry.npmmirror.com/@javelin/ecs/download/@javelin/ecs-0.22.0.tgz#02778962cd42db79a126f9cb6bbd2cfdcdfaa148"
  integrity sha1-AneJYs1C23mhJvnLa70s/c36oUg=

"@lastolivegames/becsy@0.8.4":
  version "0.8.4"
  resolved "https://registry.npmmirror.com/@lastolivegames/becsy/download/@lastolivegames/becsy-0.8.4.tgz#282591f1642e4dac5e257b26a59bd3f8b1035026"
  integrity sha1-KCWR8WQuTaxeJXsmpZvT+LEDUCY=

"@types/node@^16.9.1":
  version "16.10.1"
  resolved "https://registry.npmmirror.com/@types/node/download/@types/node-16.10.1.tgz?cache=0&other_urls=https%3A%2F%2Fregistry.npmmirror.com%2F%40types%2Fnode%2Fdownload%2F%40types%2Fnode-16.10.1.tgz#f3647623199ca920960006b3dccf633ea905f243"
  integrity sha1-82R2IxmcqSCWAAaz3M9jPqkF8kM=

bitecs@0.3.21:
  version "0.3.21"
  resolved "https://registry.npmmirror.com/bitecs/download/bitecs-0.3.21.tgz#9fe0322ae01950e675af6b22b3301c17720d85a9"
  integrity sha1-n+AyKuAZUOZ1r2siszAcF3INhak=

camelcase@6.0.0:
  version "6.0.0"
  resolved "https://registry.nlark.com/camelcase/download/camelcase-6.0.0.tgz#5259f7c30e35e278f1bdc2a4d91230b37cad981e"
  integrity sha1-Uln3ww414njxvcKk2RIws3ytmB4=

ecsy@0.4.2:
  version "0.4.2"
  resolved "https://registry.npmmirror.com/ecsy/download/ecsy-0.4.2.tgz#5d0c78fb248c81f587dfc05c01cb39e8bb2233ab"
  integrity sha1-XQx4+ySMgfWH38BcAcs56LsiM6s=

flock-ecs@0.1.5:
  version "0.1.5"
  resolved "https://registry.npmmirror.com/flock-ecs/download/flock-ecs-0.1.5.tgz#b808721fa0cfe5ee0e004bfd0c1d74e2e15292d4"
  integrity sha1-uAhyH6DP5e4OAEv9DB104uFSktQ=

geotic@4.1.6:
  version "4.1.6"
  resolved "https://registry.npmmirror.com/geotic/download/geotic-4.1.6.tgz#b01367e060512ffdcb0a46720de5f0c9b60856a7"
  integrity sha1-sBNn4GBRL/3LCkZyDeXwybYIVqc=
  dependencies:
    camelcase "6.0.0"
    nanoid "3.1.3"

goodluck@7.0.0:
  version "7.0.0"
  resolved "https://registry.npmmirror.com/goodluck/download/goodluck-7.0.0.tgz#2b97e28fa8bebadc255383c5a44c4b364dc7c015"
  integrity sha1-K5fij6i+utwlU4PFpExLNk3HwBU=

harmony-ecs@0.0.7:
  version "0.0.7"
  resolved "https://registry.npmmirror.com/harmony-ecs/download/harmony-ecs-0.0.7.tgz#ffb431066b917ace6456a559c1d222a63b7b92ae"
  integrity sha1-/7QxBmuRes5kVqVZwdIipjt7kq4=

makr@2.1.1:
  version "2.1.1"
  resolved "https://registry.npmmirror.com/makr/download/makr-2.1.1.tgz#49af7e13415140b78b9e21cb3a75739807d0decc"
  integrity sha1-Sa9+E0FRQLeLniHLOnVzmAfQ3sw=

nanoid@3.1.3:
  version "3.1.3"
  resolved "https://registry.nlark.com/nanoid/download/nanoid-3.1.3.tgz?cache=0&sync_timestamp=1628771905854&other_urls=https%3A%2F%2Fregistry.nlark.com%2Fnanoid%2Fdownload%2Fnanoid-3.1.3.tgz#b2bcfcfda4b4d6838bc22a0c8dd3c0a17a204c20"
  integrity sha1-srz8/aS01oOLwioMjdPAoXogTCA=

perform-ecs@0.7.8:
  version "0.7.8"
  resolved "https://registry.npmmirror.com/perform-ecs/download/perform-ecs-0.7.8.tgz#230eadbedf799d29c3d05f62a59536cca0340eb6"
  integrity sha1-Iw6tvt95nSnD0F9ipZU2zKA0DrY=

picoes@1.0.0:
  version "1.0.0"
  resolved "https://registry.npmmirror.com/picoes/download/picoes-1.0.0.tgz#67941bf8d840b07402557ba7e9cf8b9c265af1dc"
  integrity sha1-Z5Qb+NhAsHQCVXun6c+LnCZa8dw=

tiny-ecs@2.0.0:
  version "2.0.0"
  resolved "https://registry.npmmirror.com/tiny-ecs/download/tiny-ecs-2.0.0.tgz#966b81f94a975dab08d460a691d625f74c29541c"
  integrity sha1-lmuB+UqXXasI1GCmkdYl90wpVBw=
  dependencies:
    typedef "~1.0.2"

typedef@~1.0.2:
  version "1.0.4"
  resolved "https://registry.npmmirror.com/typedef/download/typedef-1.0.4.tgz#f83388816916064d946008d9aeb297caaabf383b"
  integrity sha1-+DOIgWkWBk2UYAjZrrKXyqq/ODs=

uecs@0.4.0:
  version "0.4.0"
  resolved "https://registry.npmmirror.com/uecs/download/uecs-0.4.0.tgz#e9c9ee6c6549ed2934d555ade8a35564f22348af"
  integrity sha1-6cnubGVJ7Sk01VWt6KNVZPIjSK8=

wolf-ecs@2.1.1:
  version "2.1.1"
  resolved "https://registry.npmmirror.com/wolf-ecs/download/wolf-ecs-2.1.1.tgz#e07c0ba4511f00f04d612b12cf0e405c1eee2523"
  integrity sha1-4HwLpFEfAPBNYSsSzw5AXB7uJSM=
